
Microsoft Visual Studio Solution File, Format Version 12.00
# Visual Studio Version 17
VisualStudioVersion = 17.1.32414.318
MinimumVisualStudioVersion = 10.0.40219.1
Project("{FAE04EC0-301F-11D3-BF4B-00C04F79EFBC}") = "CSharpA", "CSharpA\CSharpA.csproj", "{C3F2D81E-0C89-4C47-AD48-8A1554ACC593}"
EndProject
Global
	GlobalSection(SolutionConfigurationPlatforms) = preSolution
		Debug|Any CPU = Debug|Any CPU
		Release|Any CPU = Release|Any CPU
	EndGlobalSection
	GlobalSection(ProjectConfigurationPlatforms) = postSolution
		{C3F2D81E-0C89-4C47-AD48-8A1554ACC593}.Debug|Any CPU.ActiveCfg = Debug|Any CPU
		{C3F2D81E-0C89-4C47-AD48-8A1554ACC593}.Debug|Any CPU.Build.0 = Debug|Any CPU
		{C3F2D81E-0C89-4C47-AD48-8A1554ACC593}.Release|Any CPU.ActiveCfg = Release|Any CPU
		{C3F2D81E-0C89-4C47-AD48-8A1554ACC593}.Release|Any CPU.Build.0 = Release|Any CPU
	EndGlobalSection
	GlobalSection(SolutionProperties) = preSolution
		HideSolutionNode = FALSE
	EndGlobalSection
	GlobalSection(ExtensibilityGlobals) = postSolution
		SolutionGuid = {E9F0BE3A-1777-4CC2-AAB2-A4FF82E65DA0}
	EndGlobalSection
EndGlobal
